// !$*UTF8*$!
{
	archiveVersion = 1;
	classes = {
	};
	objectVersion = 77;
	objects = {

/* Begin PBXContainerItemProxy section */
		1ABA82B02DC95F2100755176 /* PBXContainerItemProxy */ = {
			isa = PBXContainerItemProxy;
			containerPortal = 1ABA82972DC95F2000755176 /* Project object */;
			proxyType = 1;
			remoteGlobalIDString = 1ABA829E2DC95F2000755176;
			remoteInfo = "k2-next-hiking-app";
		};
		1ABA82BA2DC95F2100755176 /* PBXContainerItemProxy */ = {
			isa = PBXContainerItemProxy;
			containerPortal = 1ABA82972DC95F2000755176 /* Project object */;
			proxyType = 1;
			remoteGlobalIDString = 1ABA829E2DC95F2000755176;
			remoteInfo = "k2-next-hiking-app";
		};
/* End PBXContainerItemProxy section */

/* Begin PBXFileReference section */
		1ABA829F2DC95F2000755176 /* k2-next-hiking-app.app */ = {isa = PBXFileReference; explicitFileType = wrapper.application; includeInIndex = 0; path = "k2-next-hiking-app.app"; sourceTree = BUILT_PRODUCTS_DIR; };
		1ABA82AF2DC95F2100755176 /* k2-next-hiking-appTests.xctest */ = {isa = PBXFileReference; explicitFileType = wrapper.cfbundle; includeInIndex = 0; path = "k2-next-hiking-appTests.xctest"; sourceTree = BUILT_PRODUCTS_DIR; };
		1ABA82B92DC95F2100755176 /* k2-next-hiking-appUITests.xctest */ = {isa = PBXFileReference; explicitFileType = wrapper.cfbundle; includeInIndex = 0; path = "k2-next-hiking-appUITests.xctest"; sourceTree = BUILT_PRODUCTS_DIR; };
/* End PBXFileReference section */

/* Begin PBXFileSystemSynchronizedRootGroup section */
		1ABA82A12DC95F2000755176 /* k2-next-hiking-app */ = {
			isa = PBXFileSystemSynchronizedRootGroup;
			path = "k2-next-hiking-app";
			sourceTree = "<group>";
		};
		1ABA82B22DC95F2100755176 /* k2-next-hiking-appTests */ = {
			isa = PBXFileSystemSynchronizedRootGroup;
			path = "k2-next-hiking-appTests";
			sourceTree = "<group>";
		};
		1ABA82BC2DC95F2100755176 /* k2-next-hiking-appUITests */ = {
			isa = PBXFileSystemSynchronizedRootGroup;
			path = "k2-next-hiking-appUITests";
			sourceTree = "<group>";
		};
/* End PBXFileSystemSynchronizedRootGroup section */

/* Begin PBXFrameworksBuildPhase section */
		1ABA829C2DC95F2000755176 /* Frameworks */ = {
			isa = PBXFrameworksBuildPhase;
			buildActionMask = 2147483647;
			files = (
			);
			runOnlyForDeploymentPostprocessing = 0;
		};
		1ABA82AC2DC95F2100755176 /* Frameworks */ = {
			isa = PBXFrameworksBuildPhase;
			buildActionMask = 2147483647;
			files = (
			);
			runOnlyForDeploymentPostprocessing = 0;
		};
		1ABA82B62DC95F2100755176 /* Frameworks */ = {
			isa = PBXFrameworksBuildPhase;
			buildActionMask = 2147483647;
			files = (
			);
			runOnlyForDeploymentPostprocessing = 0;
		};
/* End PBXFrameworksBuildPhase section */

/* Begin PBXGroup section */
		1ABA82962DC95F2000755176 = {
			isa = PBXGroup;
			children = (
				1ABA82A12DC95F2000755176 /* k2-next-hiking-app */,
				1ABA82B22DC95F2100755176 /* k2-next-hiking-appTests */,
				1ABA82BC2DC95F2100755176 /* k2-next-hiking-appUITests */,
				1ABA82A02DC95F2000755176 /* Products */,
			);
			sourceTree = "<group>";
		};
		1ABA82A02DC95F2000755176 /* Products */ = {
			isa = PBXGroup;
			children = (
				1ABA829F2DC95F2000755176 /* k2-next-hiking-app.app */,
				1ABA82AF2DC95F2100755176 /* k2-next-hiking-appTests.xctest */,
				1ABA82B92DC95F2100755176 /* k2-next-hiking-appUITests.xctest */,
			);
			name = Products;
			sourceTree = "<group>";
		};
/* End PBXGroup section */

/* Begin PBXNativeTarget section */
		1ABA829E2DC95F2000755176 /* k2-next-hiking-app */ = {
			isa = PBXNativeTarget;
			buildConfigurationList = 1ABA82C32DC95F2100755176 /* Build configuration list for PBXNativeTarget "k2-next-hiking-app" */;
			buildPhases = (
				1ABA829B2DC95F2000755176 /* Sources */,
				1ABA829C2DC95F2000755176 /* Frameworks */,
				1ABA829D2DC95F2000755176 /* Resources */,
			);
			buildRules = (
			);
			dependencies = (
			);
			fileSystemSynchronizedGroups = (
				1ABA82A12DC95F2000755176 /* k2-next-hiking-app */,
			);
			name = "k2-next-hiking-app";
			packageProductDependencies = (
			);
			productName = "k2-next-hiking-app";
			productReference = 1ABA829F2DC95F2000755176 /* k2-next-hiking-app.app */;
			productType = "com.apple.product-type.application";
		};
		1ABA82AE2DC95F2100755176 /* k2-next-hiking-appTests */ = {
			isa = PBXNativeTarget;
			buildConfigurationList = 1ABA82C62DC95F2100755176 /* Build configuration list for PBXNativeTarget "k2-next-hiking-appTests" */;
			buildPhases = (
				1ABA82AB2DC95F2100755176 /* Sources */,
				1ABA82AC2DC95F2100755176 /* Frameworks */,
				1ABA82AD2DC95F2100755176 /* Resources */,
			);
			buildRules = (
			);
			dependencies = (
				1ABA82B12DC95F2100755176 /* PBXTargetDependency */,
			);
			fileSystemSynchronizedGroups = (
				1ABA82B22DC95F2100755176 /* k2-next-hiking-appTests */,
			);
			name = "k2-next-hiking-appTests";
			packageProductDependencies = (
			);
			productName = "k2-next-hiking-appTests";
			productReference = 1ABA82AF2DC95F2100755176 /* k2-next-hiking-appTests.xctest */;
			productType = "com.apple.product-type.bundle.unit-test";
		};
		1ABA82B82DC95F2100755176 /* k2-next-hiking-appUITests */ = {
			isa = PBXNativeTarget;
			buildConfigurationList = 1ABA82C92DC95F2100755176 /* Build configuration list for PBXNativeTarget "k2-next-hiking-appUITests" */;
			buildPhases = (
				1ABA82B52DC95F2100755176 /* Sources */,
				1ABA82B62DC95F2100755176 /* Frameworks */,
				1ABA82B72DC95F2100755176 /* Resources */,
			);
			buildRules = (
			);
			dependencies = (
				1ABA82BB2DC95F2100755176 /* PBXTargetDependency */,
			);
			fileSystemSynchronizedGroups = (
				1ABA82BC2DC95F2100755176 /* k2-next-hiking-appUITests */,
			);
			name = "k2-next-hiking-appUITests";
			packageProductDependencies = (
			);
			productName = "k2-next-hiking-appUITests";
			productReference = 1ABA82B92DC95F2100755176 /* k2-next-hiking-appUITests.xctest */;
			productType = "com.apple.product-type.bundle.ui-testing";
		};
/* End PBXNativeTarget section */

/* Begin PBXProject section */
		1ABA82972DC95F2000755176 /* Project object */ = {
			isa = PBXProject;
			attributes = {
				BuildIndependentTargetsInParallel = 1;
				LastSwiftUpdateCheck = 1620;
				LastUpgradeCheck = 1620;
				TargetAttributes = {
					1ABA829E2DC95F2000755176 = {
						CreatedOnToolsVersion = 16.2;
					};
					1ABA82AE2DC95F2100755176 = {
						CreatedOnToolsVersion = 16.2;
						TestTargetID = 1ABA829E2DC95F2000755176;
					};
					1ABA82B82DC95F2100755176 = {
						CreatedOnToolsVersion = 16.2;
						TestTargetID = 1ABA829E2DC95F2000755176;
					};
				};
			};
			buildConfigurationList = 1ABA829A2DC95F2000755176 /* Build configuration list for PBXProject "k2-next-hiking-app" */;
			developmentRegion = en;
			hasScannedForEncodings = 0;
			knownRegions = (
				en,
				Base,
			);
			mainGroup = 1ABA82962DC95F2000755176;
			minimizedProjectReferenceProxies = 1;
			preferredProjectObjectVersion = 77;
			productRefGroup = 1ABA82A02DC95F2000755176 /* Products */;
			projectDirPath = "";
			projectRoot = "";
			targets = (
				1ABA829E2DC95F2000755176 /* k2-next-hiking-app */,
				1ABA82AE2DC95F2100755176 /* k2-next-hiking-appTests */,
				1ABA82B82DC95F2100755176 /* k2-next-hiking-appUITests */,
			);
		};
/* End PBXProject section */

/* Begin PBXResourcesBuildPhase section */
		1ABA829D2DC95F2000755176 /* Resources */ = {
			isa = PBXResourcesBuildPhase;
			buildActionMask = 2147483647;
			files = (
			);
			runOnlyForDeploymentPostprocessing = 0;
		};
		1ABA82AD2DC95F2100755176 /* Resources */ = {
			isa = PBXResourcesBuildPhase;
			buildActionMask = 2147483647;
			files = (
			);
			runOnlyForDeploymentPostprocessing = 0;
		};
		1ABA82B72DC95F2100755176 /* Resources */ = {
			isa = PBXResourcesBuildPhase;
			buildActionMask = 2147483647;
			files = (
			);
			runOnlyForDeploymentPostprocessing = 0;
		};
/* End PBXResourcesBuildPhase section */

/* Begin PBXSourcesBuildPhase section */
		1ABA829B2DC95F2000755176 /* Sources */ = {
			isa = PBXSourcesBuildPhase;
			buildActionMask = 2147483647;
			files = (
			);
			runOnlyForDeploymentPostprocessing = 0;
		};
		1ABA82AB2DC95F2100755176 /* Sources */ = {
			isa = PBXSourcesBuildPhase;
			buildActionMask = 2147483647;
			files = (
			);
			runOnlyForDeploymentPostprocessing = 0;
		};
		1ABA82B52DC95F2100755176 /* Sources */ = {
			isa = PBXSourcesBuildPhase;
			buildActionMask = 2147483647;
			files = (
			);
			runOnlyForDeploymentPostprocessing = 0;
		};
/* End PBXSourcesBuildPhase section */

/* Begin PBXTargetDependency section */
		1ABA82B12DC95F2100755176 /* PBXTargetDependency */ = {
			isa = PBXTargetDependency;
			target = 1ABA829E2DC95F2000755176 /* k2-next-hiking-app */;
			targetProxy = 1ABA82B02DC95F2100755176 /* PBXContainerItemProxy */;
		};
		1ABA82BB2DC95F2100755176 /* PBXTargetDependency */ = {
			isa = PBXTargetDependency;
			target = 1ABA829E2DC95F2000755176 /* k2-next-hiking-app */;
			targetProxy = 1ABA82BA2DC95F2100755176 /* PBXContainerItemProxy */;
		};
/* End PBXTargetDependency section */

/* Begin XCBuildConfiguration section */
		1ABA82C12DC95F2100755176 /* Debug */ = {
			isa = XCBuildConfiguration;
			buildSettings = {
				ALWAYS_SEARCH_USER_PATHS = NO;
				ASSETCATALOG_COMPILER_GENERATE_SWIFT_ASSET_SYMBOL_EXTENSIONS = YES;
				CLANG_ANALYZER_NONNULL = YES;
				CLANG_ANALYZER_NUMBER_OBJECT_CONVERSION = YES_AGGRESSIVE;
				CLANG_CXX_LANGUAGE_STANDARD = "gnu++20";
				CLANG_ENABLE_MODULES = YES;
				CLANG_ENABLE_OBJC_ARC = YES;
				CLANG_ENABLE_OBJC_WEAK = YES;
				CLANG_WARN_BLOCK_CAPTURE_AUTORELEASING = YES;
				CLANG_WARN_BOOL_CONVERSION = YES;
				CLANG_WARN_COMMA = YES;
				CLANG_WARN_CONSTANT_CONVERSION = YES;
				CLANG_WARN_DEPRECATED_OBJC_IMPLEMENTATIONS = YES;
				CLANG_WARN_DIRECT_OBJC_ISA_USAGE = YES_ERROR;
				CLANG_WARN_DOCUMENTATION_COMMENTS = YES;
				CLANG_WARN_EMPTY_BODY = YES;
				CLANG_WARN_ENUM_CONVERSION = YES;
				CLANG_WARN_INFINITE_RECURSION = YES;
				CLANG_WARN_INT_CONVERSION = YES;
				CLANG_WARN_NON_LITERAL_NULL_CONVERSION = YES;
				CLANG_WARN_OBJC_IMPLICIT_RETAIN_SELF = YES;
				CLANG_WARN_OBJC_LITERAL_CONVERSION = YES;
				CLANG_WARN_OBJC_ROOT_CLASS = YES_ERROR;
				CLANG_WARN_QUOTED_INCLUDE_IN_FRAMEWORK_HEADER = YES;
				CLANG_WARN_RANGE_LOOP_ANALYSIS = YES;
				CLANG_WARN_STRICT_PROTOTYPES = YES;
				CLANG_WARN_SUSPICIOUS_MOVE = YES;
				CLANG_WARN_UNGUARDED_AVAILABILITY = YES_AGGRESSIVE;
				CLANG_WARN_UNREACHABLE_CODE = YES;
				CLANG_WARN__DUPLICATE_METHOD_MATCH = YES;
				COPY_PHASE_STRIP = NO;
				DEBUG_INFORMATION_FORMAT = dwarf;
				ENABLE_STRICT_OBJC_MSGSEND = YES;
				ENABLE_TESTABILITY = YES;
				ENABLE_USER_SCRIPT_SANDBOXING = YES;
				GCC_C_LANGUAGE_STANDARD = gnu17;
				GCC_DYNAMIC_NO_PIC = NO;
				GCC_NO_COMMON_BLOCKS = YES;
				GCC_OPTIMIZATION_LEVEL = 0;
				GCC_PREPROCESSOR_DEFINITIONS = (
					"DEBUG=1",
					"$(inherited)",
				);
				GCC_WARN_64_TO_32_BIT_CONVERSION = YES;
				GCC_WARN_ABOUT_RETURN_TYPE = YES_ERROR;
				GCC_WARN_UNDECLARED_SELECTOR = YES;
				GCC_WARN_UNINITIALIZED_AUTOS = YES_AGGRESSIVE;
				GCC_WARN_UNUSED_FUNCTION = YES;
				GCC_WARN_UNUSED_VARIABLE = YES;
				IPHONEOS_DEPLOYMENT_TARGET = 18.2;
				LOCALIZATION_PREFERS_STRING_CATALOGS = YES;
				MTL_ENABLE_DEBUG_INFO = INCLUDE_SOURCE;
				MTL_FAST_MATH = YES;
				ONLY_ACTIVE_ARCH = YES;
				SDKROOT = iphoneos;
				SWIFT_ACTIVE_COMPILATION_CONDITIONS = "DEBUG $(inherited)";
				SWIFT_OPTIMIZATION_LEVEL = "-Onone";
			};
			name = Debug;
		};
		1ABA82C22DC95F2100755176 /* Release */ = {
			isa = XCBuildConfiguration;
			buildSettings = {
				ALWAYS_SEARCH_USER_PATHS = NO;
				ASSETCATALOG_COMPILER_GENERATE_SWIFT_ASSET_SYMBOL_EXTENSIONS = YES;
				CLANG_ANALYZER_NONNULL = YES;
				CLANG_ANALYZER_NUMBER_OBJECT_CONVERSION = YES_AGGRESSIVE;
				CLANG_CXX_LANGUAGE_STANDARD = "gnu++20";
				CLANG_ENABLE_MODULES = YES;
				CLANG_ENABLE_OBJC_ARC = YES;
				CLANG_ENABLE_OBJC_WEAK = YES;
				CLANG_WARN_BLOCK_CAPTURE_AUTORELEASING = YES;
				CLANG_WARN_BOOL_CONVERSION = YES;
				CLANG_WARN_COMMA = YES;
				CLANG_WARN_CONSTANT_CONVERSION = YES;
				CLANG_WARN_DEPRECATED_OBJC_IMPLEMENTATIONS = YES;
				CLANG_WARN_DIRECT_OBJC_ISA_USAGE = YES_ERROR;
				CLANG_WARN_DOCUMENTATION_COMMENTS = YES;
				CLANG_WARN_EMPTY_BODY = YES;
				CLANG_WARN_ENUM_CONVERSION = YES;
				CLANG_WARN_INFINITE_RECURSION = YES;
				CLANG_WARN_INT_CONVERSION = YES;
				CLANG_WARN_NON_LITERAL_NULL_CONVERSION = YES;
				CLANG_WARN_OBJC_IMPLICIT_RETAIN_SELF = YES;
				CLANG_WARN_OBJC_LITERAL_CONVERSION = YES;
				CLANG_WARN_OBJC_ROOT_CLASS = YES_ERROR;
				CLANG_WARN_QUOTED_INCLUDE_IN_FRAMEWORK_HEADER = YES;
				CLANG_WARN_RANGE_LOOP_ANALYSIS = YES;
				CLANG_WARN_STRICT_PROTOTYPES = YES;
				CLANG_WARN_SUSPICIOUS_MOVE = YES;
				CLANG_WARN_UNGUARDED_AVAILABILITY = YES_AGGRESSIVE;
				CLANG_WARN_UNREACHABLE_CODE = YES;
				CLANG_WARN__DUPLICATE_METHOD_MATCH = YES;
				COPY_PHASE_STRIP = NO;
				DEBUG_INFORMATION_FORMAT = "dwarf-with-dsym";
				ENABLE_NS_ASSERTIONS = NO;
				ENABLE_STRICT_OBJC_MSGSEND = YES;
				ENABLE_USER_SCRIPT_SANDBOXING = YES;
				GCC_C_LANGUAGE_STANDARD = gnu17;
				GCC_NO_COMMON_BLOCKS = YES;
				GCC_WARN_64_TO_32_BIT_CONVERSION = YES;
				GCC_WARN_ABOUT_RETURN_TYPE = YES_ERROR;
				GCC_WARN_UNDECLARED_SELECTOR = YES;
				GCC_WARN_UNINITIALIZED_AUTOS = YES_AGGRESSIVE;
				GCC_WARN_UNUSED_FUNCTION = YES;
				GCC_WARN_UNUSED_VARIABLE = YES;
				IPHONEOS_DEPLOYMENT_TARGET = 18.2;
				LOCALIZATION_PREFERS_STRING_CATALOGS = YES;
				MTL_ENABLE_DEBUG_INFO = NO;
				MTL_FAST_MATH = YES;
				SDKROOT = iphoneos;
				SWIFT_COMPILATION_MODE = wholemodule;
				VALIDATE_PRODUCT = YES;
			};
			name = Release;
		};
		1ABA82C42DC95F2100755176 /* Debug */ = {
			isa = XCBuildConfiguration;
			buildSettings = {
				ASSETCATALOG_COMPILER_APPICON_NAME = AppIcon;
				ASSETCATALOG_COMPILER_GLOBAL_ACCENT_COLOR_NAME = AccentColor;
				CODE_SIGN_STYLE = Automatic;
				CURRENT_PROJECT_VERSION = 1;
				DEVELOPMENT_ASSET_PATHS = "\"k2-next-hiking-app/Preview Content\"";
				ENABLE_PREVIEWS = YES;
				GENERATE_INFOPLIST_FILE = YES;
				INFOPLIST_KEY_UIApplicationSceneManifest_Generation = YES;
				INFOPLIST_KEY_UIApplicationSupportsIndirectInputEvents = YES;
				INFOPLIST_KEY_UILaunchScreen_Generation = YES;
				INFOPLIST_KEY_UISupportedInterfaceOrientations_iPad = "UIInterfaceOrientationPortrait UIInterfaceOrientationPortraitUpsideDown UIInterfaceOrientationLandscapeLeft UIInterfaceOrientationLandscapeRight";
				INFOPLIST_KEY_UISupportedInterfaceOrientations_iPhone = "UIInterfaceOrientationPortrait UIInterfaceOrientationLandscapeLeft UIInterfaceOrientationLandscapeRight";
				LD_RUNPATH_SEARCH_PATHS = (
					"$(inherited)",
					"@executable_path/Frameworks",
				);
				MARKETING_VERSION = 1.0;
				PRODUCT_BUNDLE_IDENTIFIER = "com.k2.k2-next-hiking-app";
				PRODUCT_NAME = "$(TARGET_NAME)";
				SWIFT_EMIT_LOC_STRINGS = YES;
				SWIFT_VERSION = 5.0;
				TARGETED_DEVICE_FAMILY = "1,2";
			};
			name = Debug;
		};
		1ABA82C52DC95F2100755176 /* Release */ = {
			isa = XCBuildConfiguration;
			buildSettings = {
				ASSETCATALOG_COMPILER_APPICON_NAME = AppIcon;
				ASSETCATALOG_COMPILER_GLOBAL_ACCENT_COLOR_NAME = AccentColor;
				CODE_SIGN_STYLE = Automatic;
				CURRENT_PROJECT_VERSION = 1;
				DEVELOPMENT_ASSET_PATHS = "\"k2-next-hiking-app/Preview Content\"";
				ENABLE_PREVIEWS = YES;
				GENERATE_INFOPLIST_FILE = YES;
				INFOPLIST_KEY_UIApplicationSceneManifest_Generation = YES;
				INFOPLIST_KEY_UIApplicationSupportsIndirectInputEvents = YES;
				INFOPLIST_KEY_UILaunchScreen_Generation = YES;
				INFOPLIST_KEY_UISupportedInterfaceOrientations_iPad = "UIInterfaceOrientationPortrait UIInterfaceOrientationPortraitUpsideDown UIInterfaceOrientationLandscapeLeft UIInterfaceOrientationLandscapeRight";
				INFOPLIST_KEY_UISupportedInterfaceOrientations_iPhone = "UIInterfaceOrientationPortrait UIInterfaceOrientationLandscapeLeft UIInterfaceOrientationLandscapeRight";
				LD_RUNPATH_SEARCH_PATHS = (
					"$(inherited)",
					"@executable_path/Frameworks",
				);
				MARKETING_VERSION = 1.0;
				PRODUCT_BUNDLE_IDENTIFIER = "com.k2.k2-next-hiking-app";
				PRODUCT_NAME = "$(TARGET_NAME)";
				SWIFT_EMIT_LOC_STRINGS = YES;
				SWIFT_VERSION = 5.0;
				TARGETED_DEVICE_FAMILY = "1,2";
			};
			name = Release;
		};
		1ABA82C72DC95F2100755176 /* Debug */ = {
			isa = XCBuildConfiguration;
			buildSettings = {
				BUNDLE_LOADER = "$(TEST_HOST)";
				CODE_SIGN_STYLE = Automatic;
				CURRENT_PROJECT_VERSION = 1;
				GENERATE_INFOPLIST_FILE = YES;
				IPHONEOS_DEPLOYMENT_TARGET = 18.2;
				MARKETING_VERSION = 1.0;
				PRODUCT_BUNDLE_IDENTIFIER = "com.k2.k2-next-hiking-appTests";
				PRODUCT_NAME = "$(TARGET_NAME)";
				SWIFT_EMIT_LOC_STRINGS = NO;
				SWIFT_VERSION = 5.0;
				TARGETED_DEVICE_FAMILY = "1,2";
				TEST_HOST = "$(BUILT_PRODUCTS_DIR)/k2-next-hiking-app.app/$(BUNDLE_EXECUTABLE_FOLDER_PATH)/k2-next-hiking-app";
			};
			name = Debug;
		};
		1ABA82C82DC95F2100755176 /* Release */ = {
			isa = XCBuildConfiguration;
			buildSettings = {
				BUNDLE_LOADER = "$(TEST_HOST)";
				CODE_SIGN_STYLE = Automatic;
				CURRENT_PROJECT_VERSION = 1;
				GENERATE_INFOPLIST_FILE = YES;
				IPHONEOS_DEPLOYMENT_TARGET = 18.2;
				MARKETING_VERSION = 1.0;
				PRODUCT_BUNDLE_IDENTIFIER = "com.k2.k2-next-hiking-appTests";
				PRODUCT_NAME = "$(TARGET_NAME)";
				SWIFT_EMIT_LOC_STRINGS = NO;
				SWIFT_VERSION = 5.0;
				TARGETED_DEVICE_FAMILY = "1,2";
				TEST_HOST = "$(BUILT_PRODUCTS_DIR)/k2-next-hiking-app.app/$(BUNDLE_EXECUTABLE_FOLDER_PATH)/k2-next-hiking-app";
			};
			name = Release;
		};
		1ABA82CA2DC95F2100755176 /* Debug */ = {
			isa = XCBuildConfiguration;
			buildSettings = {
				CODE_SIGN_STYLE = Automatic;
				CURRENT_PROJECT_VERSION = 1;
				GENERATE_INFOPLIST_FILE = YES;
				MARKETING_VERSION = 1.0;
				PRODUCT_BUNDLE_IDENTIFIER = "com.k2.k2-next-hiking-appUITests";
				PRODUCT_NAME = "$(TARGET_NAME)";
				SWIFT_EMIT_LOC_STRINGS = NO;
				SWIFT_VERSION = 5.0;
				TARGETED_DEVICE_FAMILY = "1,2";
				TEST_TARGET_NAME = "k2-next-hiking-app";
			};
			name = Debug;
		};
		1ABA82CB2DC95F2100755176 /* Release */ = {
			isa = XCBuildConfiguration;
			buildSettings = {
				CODE_SIGN_STYLE = Automatic;
				CURRENT_PROJECT_VERSION = 1;
				GENERATE_INFOPLIST_FILE = YES;
				MARKETING_VERSION = 1.0;
				PRODUCT_BUNDLE_IDENTIFIER = "com.k2.k2-next-hiking-appUITests";
				PRODUCT_NAME = "$(TARGET_NAME)";
				SWIFT_EMIT_LOC_STRINGS = NO;
				SWIFT_VERSION = 5.0;
				TARGETED_DEVICE_FAMILY = "1,2";
				TEST_TARGET_NAME = "k2-next-hiking-app";
			};
			name = Release;
		};
/* End XCBuildConfiguration section */

/* Begin XCConfigurationList section */
		1ABA829A2DC95F2000755176 /* Build configuration list for PBXProject "k2-next-hiking-app" */ = {
			isa = XCConfigurationList;
			buildConfigurations = (
				1ABA82C12DC95F2100755176 /* Debug */,
				1ABA82C22DC95F2100755176 /* Release */,
			);
			defaultConfigurationIsVisible = 0;
			defaultConfigurationName = Release;
		};
		1ABA82C32DC95F2100755176 /* Build configuration list for PBXNativeTarget "k2-next-hiking-app" */ = {
			isa = XCConfigurationList;
			buildConfigurations = (
				1ABA82C42DC95F2100755176 /* Debug */,
				1ABA82C52DC95F2100755176 /* Release */,
			);
			defaultConfigurationIsVisible = 0;
			defaultConfigurationName = Release;
		};
		1ABA82C62DC95F2100755176 /* Build configuration list for PBXNativeTarget "k2-next-hiking-appTests" */ = {
			isa = XCConfigurationList;
			buildConfigurations = (
				1ABA82C72DC95F2100755176 /* Debug */,
				1ABA82C82DC95F2100755176 /* Release */,
			);
			defaultConfigurationIsVisible = 0;
			defaultConfigurationName = Release;
		};
		1ABA82C92DC95F2100755176 /* Build configuration list for PBXNativeTarget "k2-next-hiking-appUITests" */ = {
			isa = XCConfigurationList;
			buildConfigurations = (
				1ABA82CA2DC95F2100755176 /* Debug */,
				1ABA82CB2DC95F2100755176 /* Release */,
			);
			defaultConfigurationIsVisible = 0;
			defaultConfigurationName = Release;
		};
/* End XCConfigurationList section */
	};
	rootObject = 1ABA82972DC95F2000755176 /* Project object */;
}
